
Microsoft Visual Studio Solution File, Format Version 12.00
# Visual Studio Version 17
VisualStudioVersion = 17.9.34723.18
MinimumVisualStudioVersion = 10.0.40219.1
Project("{9A19103F-16F7-4668-BE54-9A1E7A4F7556}") = "bookshop", "bookshop\bookshop.csproj", "{AEA1685D-2F9E-4B7E-9DCD-8D10BC648ED2}"
EndProject
Global
	GlobalSection(SolutionConfigurationPlatforms) = preSolution
		Debug|Any CPU = Debug|Any CPU
		Release|Any CPU = Release|Any CPU
	EndGlobalSection
	GlobalSection(ProjectConfigurationPlatforms) = postSolution
		{AEA1685D-2F9E-4B7E-9DCD-8D10BC648ED2}.Debug|Any CPU.ActiveCfg = Debug|Any CPU
		{AEA1685D-2F9E-4B7E-9DCD-8D10BC648ED2}.Debug|Any CPU.Build.0 = Debug|Any CPU
		{AEA1685D-2F9E-4B7E-9DCD-8D10BC648ED2}.Release|Any CPU.ActiveCfg = Release|Any CPU
		{AEA1685D-2F9E-4B7E-9DCD-8D10BC648ED2}.Release|Any CPU.Build.0 = Release|Any CPU
	EndGlobalSection
	GlobalSection(SolutionProperties) = preSolution
		HideSolutionNode = FALSE
	EndGlobalSection
	GlobalSection(ExtensibilityGlobals) = postSolution
		SolutionGuid = {8F6A321C-8B6C-4E5B-9554-34292B6A7F21}
	EndGlobalSection
EndGlobal
